
Microsoft Visual Studio Solution File, Format Version 12.00
# Visual Studio Version 17
VisualStudioVersion = 17.3.32922.545
MinimumVisualStudioVersion = 10.0.40219.1
Project("{FAE04EC0-301F-11D3-BF4B-00C04F79EFBC}") = "Single-responsibility principle", "Single-responsibility principle\Single-responsibility principle.csproj", "{68B80262-F22F-4D0A-A2F5-B424BB77B669}"
EndProject
Global
	GlobalSection(SolutionConfigurationPlatforms) = preSolution
		Debug|Any CPU = Debug|Any CPU
		Release|Any CPU = Release|Any CPU
	EndGlobalSection
	GlobalSection(ProjectConfigurationPlatforms) = postSolution
		{68B80262-F22F-4D0A-A2F5-B424BB77B669}.Debug|Any CPU.ActiveCfg = Debug|Any CPU
		{68B80262-F22F-4D0A-A2F5-B424BB77B669}.Debug|Any CPU.Build.0 = Debug|Any CPU
		{68B80262-F22F-4D0A-A2F5-B424BB77B669}.Release|Any CPU.ActiveCfg = Release|Any CPU
		{68B80262-F22F-4D0A-A2F5-B424BB77B669}.Release|Any CPU.Build.0 = Release|Any CPU
	EndGlobalSection
	GlobalSection(SolutionProperties) = preSolution
		HideSolutionNode = FALSE
	EndGlobalSection
	GlobalSection(ExtensibilityGlobals) = postSolution
		SolutionGuid = {FABA51EA-6A54-4FDE-9FA1-62B65BE3248A}
	EndGlobalSection
EndGlobal
